
Microsoft Visual Studio Solution File, Format Version 12.00
# Visual Studio Version 17
VisualStudioVersion = 17.3.32929.385
MinimumVisualStudioVersion = 10.0.40219.1
Project("{9A19103F-16F7-4668-BE54-9A1E7A4F7556}") = "Exercise1", "Exercise1\Exercise1.csproj", "{34D90052-A20D-48A3-9DC8-D1EF4578255C}"
EndProject
Project("{9A19103F-16F7-4668-BE54-9A1E7A4F7556}") = "Exercise2", "Exercise2\Exercise2.csproj", "{B023D655-2C29-4E93-827B-B71659544083}"
EndProject
Project("{9A19103F-16F7-4668-BE54-9A1E7A4F7556}") = "Exercise3", "Exercise3\Exercise3.csproj", "{619AD3A7-1335-4E27-B230-A9AEC1C614A1}"
EndProject
Project("{FAE04EC0-301F-11D3-BF4B-00C04F79EFBC}") = "Exercise5", "Exercise5\Exercise5.csproj", "{8A7286F5-F41B-454E-A11D-7451105B592E}"
EndProject
Global
	GlobalSection(SolutionConfigurationPlatforms) = preSolution
		Debug|Any CPU = Debug|Any CPU
		Release|Any CPU = Release|Any CPU
	EndGlobalSection
	GlobalSection(ProjectConfigurationPlatforms) = postSolution
		{34D90052-A20D-48A3-9DC8-D1EF4578255C}.Debug|Any CPU.ActiveCfg = Debug|Any CPU
		{34D90052-A20D-48A3-9DC8-D1EF4578255C}.Debug|Any CPU.Build.0 = Debug|Any CPU
		{34D90052-A20D-48A3-9DC8-D1EF4578255C}.Release|Any CPU.ActiveCfg = Release|Any CPU
		{34D90052-A20D-48A3-9DC8-D1EF4578255C}.Release|Any CPU.Build.0 = Release|Any CPU
		{B023D655-2C29-4E93-827B-B71659544083}.Debug|Any CPU.ActiveCfg = Debug|Any CPU
		{B023D655-2C29-4E93-827B-B71659544083}.Debug|Any CPU.Build.0 = Debug|Any CPU
		{B023D655-2C29-4E93-827B-B71659544083}.Release|Any CPU.ActiveCfg = Release|Any CPU
		{B023D655-2C29-4E93-827B-B71659544083}.Release|Any CPU.Build.0 = Release|Any CPU
		{619AD3A7-1335-4E27-B230-A9AEC1C614A1}.Debug|Any CPU.ActiveCfg = Debug|Any CPU
		{619AD3A7-1335-4E27-B230-A9AEC1C614A1}.Debug|Any CPU.Build.0 = Debug|Any CPU
		{619AD3A7-1335-4E27-B230-A9AEC1C614A1}.Release|Any CPU.ActiveCfg = Release|Any CPU
		{619AD3A7-1335-4E27-B230-A9AEC1C614A1}.Release|Any CPU.Build.0 = Release|Any CPU
		{8A7286F5-F41B-454E-A11D-7451105B592E}.Debug|Any CPU.ActiveCfg = Debug|Any CPU
		{8A7286F5-F41B-454E-A11D-7451105B592E}.Debug|Any CPU.Build.0 = Debug|Any CPU
		{8A7286F5-F41B-454E-A11D-7451105B592E}.Release|Any CPU.ActiveCfg = Release|Any CPU
		{8A7286F5-F41B-454E-A11D-7451105B592E}.Release|Any CPU.Build.0 = Release|Any CPU
	EndGlobalSection
	GlobalSection(SolutionProperties) = preSolution
		HideSolutionNode = FALSE
	EndGlobalSection
	GlobalSection(ExtensibilityGlobals) = postSolution
		SolutionGuid = {543E421A-8AF6-4183-BCB0-02AFFC10621C}
	EndGlobalSection
EndGlobal
